
Microsoft Visual Studio Solution File, Format Version 12.00
# Visual Studio Version 16
VisualStudioVersion = 16.0.30011.22
MinimumVisualStudioVersion = 10.0.40219.1
Project("{888888A0-9F3D-457C-B088-3A5042F75D52}") = "HoroscopeBot", "HoroscopeBot\HoroscopeBot.pyproj", "{DC3F4F51-C1B1-4E16-8CA5-37A3EA2B2DC2}"
EndProject
Global
	GlobalSection(SolutionConfigurationPlatforms) = preSolution
		Debug|Any CPU = Debug|Any CPU
		Release|Any CPU = Release|Any CPU
	EndGlobalSection
	GlobalSection(ProjectConfigurationPlatforms) = postSolution
		{DC3F4F51-C1B1-4E16-8CA5-37A3EA2B2DC2}.Debug|Any CPU.ActiveCfg = Debug|Any CPU
		{DC3F4F51-C1B1-4E16-8CA5-37A3EA2B2DC2}.Release|Any CPU.ActiveCfg = Release|Any CPU
	EndGlobalSection
	GlobalSection(SolutionProperties) = preSolution
		HideSolutionNode = FALSE
	EndGlobalSection
	GlobalSection(ExtensibilityGlobals) = postSolution
		SolutionGuid = {2C240850-1FA4-49A7-BC6A-C8A96AD37D6E}
	EndGlobalSection
EndGlobal
